
Microsoft Visual Studio Solution File, Format Version 12.00
# Visual Studio Version 17
VisualStudioVersion = 17.5.002.0
MinimumVisualStudioVersion = 10.0.40219.1
Project("{9A19103F-16F7-4668-BE54-9A1E7A4F7556}") = "StockHawk.Service", "StockHawk.Service.csproj", "{5BA8C3C2-78F0-4F26-98A5-6BCD8F70B11A}"
EndProject
Global
	GlobalSection(SolutionConfigurationPlatforms) = preSolution
		Debug|Any CPU = Debug|Any CPU
		Release|Any CPU = Release|Any CPU
	EndGlobalSection
	GlobalSection(ProjectConfigurationPlatforms) = postSolution
		{5BA8C3C2-78F0-4F26-98A5-6BCD8F70B11A}.Debug|Any CPU.ActiveCfg = Debug|Any CPU
		{5BA8C3C2-78F0-4F26-98A5-6BCD8F70B11A}.Debug|Any CPU.Build.0 = Debug|Any CPU
		{5BA8C3C2-78F0-4F26-98A5-6BCD8F70B11A}.Release|Any CPU.ActiveCfg = Release|Any CPU
		{5BA8C3C2-78F0-4F26-98A5-6BCD8F70B11A}.Release|Any CPU.Build.0 = Release|Any CPU
	EndGlobalSection
	GlobalSection(SolutionProperties) = preSolution
		HideSolutionNode = FALSE
	EndGlobalSection
	GlobalSection(ExtensibilityGlobals) = postSolution
		SolutionGuid = {658D0AB7-4384-48E5-8F68-4DF150388215}
	EndGlobalSection
EndGlobal
